
Microsoft Visual Studio Solution File, Format Version 10.00
# Visual Studio 2008
Project("{FAE04EC0-301F-11D3-BF4B-00C04F79EFBC}") = "Lock", "Lock\Lock.csproj", "{E33354A3-27B4-4D8F-9F11-CA754A55086C}"
EndProject
Global
	GlobalSection(SolutionConfigurationPlatforms) = preSolution
		Debug|Any CPU = Debug|Any CPU
		Release|Any CPU = Release|Any CPU
	EndGlobalSection
	GlobalSection(ProjectConfigurationPlatforms) = postSolution
		{E33354A3-27B4-4D8F-9F11-CA754A55086C}.Debug|Any CPU.ActiveCfg = Debug|Any CPU
		{E33354A3-27B4-4D8F-9F11-CA754A55086C}.Debug|Any CPU.Build.0 = Debug|Any CPU
		{E33354A3-27B4-4D8F-9F11-CA754A55086C}.Debug|Any CPU.Deploy.0 = Debug|Any CPU
		{E33354A3-27B4-4D8F-9F11-CA754A55086C}.Release|Any CPU.ActiveCfg = Release|Any CPU
		{E33354A3-27B4-4D8F-9F11-CA754A55086C}.Release|Any CPU.Build.0 = Release|Any CPU
		{E33354A3-27B4-4D8F-9F11-CA754A55086C}.Release|Any CPU.Deploy.0 = Release|Any CPU
	EndGlobalSection
	GlobalSection(SolutionProperties) = preSolution
		HideSolutionNode = FALSE
	EndGlobalSection
EndGlobal
